
Microsoft Visual Studio Solution File, Format Version 12.00
# Visual Studio Version 17
VisualStudioVersion = 17.0.32014.148
MinimumVisualStudioVersion = 10.0.40219.1
Project("{FAE04EC0-301F-11D3-BF4B-00C04F79EFBC}") = "Zakazivanje termina bazeni", "Zakazivanje termina bazeni\Zakazivanje termina bazeni.csproj", "{2D8A2B27-000B-4395-95F5-61C43DC04451}"
EndProject
Global
	GlobalSection(SolutionConfigurationPlatforms) = preSolution
		Debug|Any CPU = Debug|Any CPU
		Release|Any CPU = Release|Any CPU
	EndGlobalSection
	GlobalSection(ProjectConfigurationPlatforms) = postSolution
		{2D8A2B27-000B-4395-95F5-61C43DC04451}.Debug|Any CPU.ActiveCfg = Debug|Any CPU
		{2D8A2B27-000B-4395-95F5-61C43DC04451}.Debug|Any CPU.Build.0 = Debug|Any CPU
		{2D8A2B27-000B-4395-95F5-61C43DC04451}.Release|Any CPU.ActiveCfg = Release|Any CPU
		{2D8A2B27-000B-4395-95F5-61C43DC04451}.Release|Any CPU.Build.0 = Release|Any CPU
	EndGlobalSection
	GlobalSection(SolutionProperties) = preSolution
		HideSolutionNode = FALSE
	EndGlobalSection
	GlobalSection(ExtensibilityGlobals) = postSolution
		SolutionGuid = {F01C50E6-D302-4058-9DD4-B4D16B9C7F28}
	EndGlobalSection
EndGlobal
